{
  "name": "Talbatk",
  "version": "0.0.1",
  "lockfileVersion": 1,
  "requires": true,
  "dependencies": {
    "react-native-restart": {
      "version": "0.0.7",
      "resolved": "https://registry.npmjs.org/react-native-restart/-/react-native-restart-0.0.7.tgz",
      "integrity": "sha512-/7TdL3pHM7H0Cut6U6SK1jd6fVYvLlQq0O4inJ7j4YD0w9BtAAFqLkLnBDOA0jL4oLw/89yR8HhLOzNFGvVsfw=="
    }
  }
}
